{
  "version": 4,
  "terraform_version": "1.8.5",
  "serial": 94,
  "lineage": "96fd8f08-103a-5209-3a36-31d145bd3914",
  "outputs": {
    "ecr_repository_urls": {
      "value": [
        "515674010661.dkr.ecr.ap-south-1.amazonaws.com/eta-api-service"
      ],
      "type": [
        "tuple",
        [
          "string"
        ]
      ]
    }
  },
  "resources": [
    {
      "module": "module.docker-build",
      "mode": "managed",
      "type": "null_resource",
      "name": "build_docker_image",
      "provider": "provider[\"registry.terraform.io/hashicorp/null\"]",
      "instances": [
        {
          "index_key": 0,
          "schema_version": 0,
          "attributes": {
            "id": "7508321062319866531",
            "triggers": {
              "ecr_repository_url": "515674010661.dkr.ecr.ap-south-1.amazonaws.com/eta-api-service",
              "image_name": "eta-api-service",
              "repo_dir": "modules/git-pull/repos/eta-api-service.git/build"
            }
          },
          "sensitive_attributes": [],
          "dependencies": [
            "module.ecr-repo.aws_ecr_repository.repos",
            "module.git-pull.null_resource.git_pull"
          ]
        }
      ]
    },
    {
      "module": "module.docker-push",
      "mode": "managed",
      "type": "null_resource",
      "name": "push_docker_image",
      "provider": "provider[\"registry.terraform.io/hashicorp/null\"]",
      "instances": [
        {
          "index_key": 0,
          "schema_version": 0,
          "attributes": {
            "id": "4003465334255444952",
            "triggers": {
              "image_name": "eta-api-service",
              "repo_dir": "modules/git-pull/repos/eta-api-service.git",
              "repository_url": "515674010661.dkr.ecr.ap-south-1.amazonaws.com/eta-api-service"
            }
          },
          "sensitive_attributes": [],
          "dependencies": [
            "module.docker-build.null_resource.build_docker_image",
            "module.ecr-repo.aws_ecr_repository.repos",
            "module.ecr-repo.aws_ecr_repository_policy.repo_policies",
            "module.git-pull.null_resource.git_pull"
          ]
        }
      ]
    },
    {
      "module": "module.ecr-repo",
      "mode": "managed",
      "type": "aws_ecr_repository",
      "name": "repos",
      "provider": "provider[\"registry.terraform.io/hashicorp/aws\"]",
      "instances": [
        {
          "index_key": 0,
          "schema_version": 0,
          "attributes": {
            "arn": "arn:aws:ecr:ap-south-1:515674010661:repository/eta-api-service",
            "encryption_configuration": [
              {
                "encryption_type": "AES256",
                "kms_key": ""
              }
            ],
            "force_delete": null,
            "id": "eta-api-service",
            "image_scanning_configuration": [
              {
                "scan_on_push": false
              }
            ],
            "image_tag_mutability": "MUTABLE",
            "name": "eta-api-service",
            "registry_id": "515674010661",
            "repository_url": "515674010661.dkr.ecr.ap-south-1.amazonaws.com/eta-api-service",
            "tags": null,
            "tags_all": {},
            "timeouts": null
          },
          "sensitive_attributes": [],
          "private": "eyJlMmJmYjczMC1lY2FhLTExZTYtOGY4OC0zNDM2M2JjN2M0YzAiOnsiZGVsZXRlIjoxMjAwMDAwMDAwMDAwfX0="
        }
      ]
    },
    {
      "module": "module.ecr-repo",
      "mode": "managed",
      "type": "aws_ecr_repository_policy",
      "name": "repo_policies",
      "provider": "provider[\"registry.terraform.io/hashicorp/aws\"]",
      "instances": [
        {
          "index_key": 0,
          "schema_version": 0,
          "attributes": {
            "id": "eta-api-service",
            "policy": "{\"Statement\":[{\"Action\":[\"ecr:GetDownloadUrlForLayer\",\"ecr:BatchGetImage\",\"ecr:BatchCheckLayerAvailability\",\"ecr:PutImage\",\"ecr:InitiateLayerUpload\",\"ecr:UploadLayerPart\",\"ecr:CompleteLayerUpload\"],\"Effect\":\"Allow\",\"Principal\":\"*\",\"Sid\":\"ECRRepositoryPolicy\"}],\"Version\":\"2008-10-17\"}",
            "registry_id": "515674010661",
            "repository": "eta-api-service"
          },
          "sensitive_attributes": [],
          "private": "bnVsbA==",
          "dependencies": [
            "module.ecr-repo.aws_ecr_repository.repos"
          ]
        }
      ]
    },
    {
      "module": "module.git-pull",
      "mode": "managed",
      "type": "null_resource",
      "name": "git_pull",
      "provider": "provider[\"registry.terraform.io/hashicorp/null\"]",
      "instances": [
        {
          "index_key": 0,
          "schema_version": 0,
          "attributes": {
            "id": "5073161500144349971",
            "triggers": {
              "repo_branch": "master",
              "repo_dir": "modules/git-pull/repos/eta-api-service.git",
              "repo_url": "https://vipulshukla007@bitbucket.org/onebcg/eta-api-service.git"
            }
          },
          "sensitive_attributes": []
        }
      ]
    },
    {
      "module": "module.k8s-deploy",
      "mode": "managed",
      "type": "null_resource",
      "name": "apply_k8s_manifests",
      "provider": "provider[\"registry.terraform.io/hashicorp/null\"]",
      "instances": [
        {
          "index_key": 0,
          "schema_version": 0,
          "attributes": {
            "id": "7059037751462940960",
            "triggers": {
              "repo_dir": "modules/git-pull/repos/eta-api-service.git/build"
            }
          },
          "sensitive_attributes": [],
          "dependencies": [
            "module.docker-build.null_resource.build_docker_image",
            "module.docker-push.null_resource.push_docker_image",
            "module.ecr-repo.aws_ecr_repository.repos",
            "module.ecr-repo.aws_ecr_repository_policy.repo_policies",
            "module.git-pull.null_resource.git_pull"
          ]
        }
      ]
    }
  ],
  "check_results": null
}
